gitlab.rebrainme.com/golang_users_repos/5807/utils.git v1.1.0 h1:P1vKagRIm2Wvbryz8oeS88GTz3iS29H/gcuX2AXJ5Gw=
gitlab.rebrainme.com/golang_users_repos/5807/utils.git v1.1.0/go.mod h1:BFAy6/+3J9OYyv2Pa22OcSze/YjRBDIKpfIN9PULubA=
gitlab.rebrainme.com/golang_users_repos/5807/utils.git/v3 v3.0.0 h1:JS4HqwPkkZhcV7JJYyBu+j4QWFAqyjKY/DZY5T8bbeU=
gitlab.rebrainme.com/golang_users_repos/5807/utils.git/v3 v3.0.0/go.mod h1:1iPgd2jw4ZNBNutn+WJBfB6tweWZF2pMOmC6hEglldA=
